
Microsoft Visual Studio Solution File, Format Version 12.00
Project("{FAE04EC0-301F-11D3-BF4B-00C04F79EFBC}") = "IsThisAMood", "src\IsThisAMood.csproj", "{343C58CD-AF43-4E4F-9A4E-0E35C7F94107}"
EndProject
Project("{FAE04EC0-301F-11D3-BF4B-00C04F79EFBC}") = "IsThisAMoodTests", "tests\IsThisAMoodTests.csproj", "{BD6D7E9B-2387-4B29-83DC-06C6EA6A3A45}"
EndProject
Global
	GlobalSection(SolutionConfigurationPlatforms) = preSolution
		Debug|Any CPU = Debug|Any CPU
		Release|Any CPU = Release|Any CPU
	EndGlobalSection
	GlobalSection(ProjectConfigurationPlatforms) = postSolution
		{343C58CD-AF43-4E4F-9A4E-0E35C7F94107}.Debug|Any CPU.ActiveCfg = Debug|Any CPU
		{343C58CD-AF43-4E4F-9A4E-0E35C7F94107}.Debug|Any CPU.Build.0 = Debug|Any CPU
		{343C58CD-AF43-4E4F-9A4E-0E35C7F94107}.Release|Any CPU.ActiveCfg = Release|Any CPU
		{343C58CD-AF43-4E4F-9A4E-0E35C7F94107}.Release|Any CPU.Build.0 = Release|Any CPU
		{BD6D7E9B-2387-4B29-83DC-06C6EA6A3A45}.Debug|Any CPU.ActiveCfg = Debug|Any CPU
		{BD6D7E9B-2387-4B29-83DC-06C6EA6A3A45}.Debug|Any CPU.Build.0 = Debug|Any CPU
		{BD6D7E9B-2387-4B29-83DC-06C6EA6A3A45}.Release|Any CPU.ActiveCfg = Release|Any CPU
		{BD6D7E9B-2387-4B29-83DC-06C6EA6A3A45}.Release|Any CPU.Build.0 = Release|Any CPU
	EndGlobalSection
EndGlobal
